
Microsoft Visual Studio Solution File, Format Version 12.00
# Visual Studio Version 18
VisualStudioVersion = 18.0.11217.181
MinimumVisualStudioVersion = 10.0.40219.1
Project("{2150E333-8FDC-42A3-9474-1A3956D46DE8}") = "src", "src", "{C30D7135-B2D4-466A-BC2E-2CAB1CCCF10F}"
EndProject
Project("{2150E333-8FDC-42A3-9474-1A3956D46DE8}") = "solution-items", "solution-items", "{2B1E2780-2D20-4AB0-B45F-2B3F058C6F8A}"
	ProjectSection(SolutionItems) = preProject
		.dockerignore = .dockerignore
		.gitignore = .gitignore
		common.props = common.props
		NuGet.Config = NuGet.Config
		README.md = README.md
	EndProjectSection
EndProject
Project("{FAE04EC0-301F-11D3-BF4B-00C04F79EFBC}") = "CompanyName.ProjectName.Application", "src\CompanyName.ProjectName.Application\CompanyName.ProjectName.Application.csproj", "{46B23B44-1DB9-411D-9641-3FC5235EEB57}"
EndProject
Project("{FAE04EC0-301F-11D3-BF4B-00C04F79EFBC}") = "CompanyName.ProjectName.Api", "src\CompanyName.ProjectName.Api\CompanyName.ProjectName.Api.csproj", "{EAE1258C-AA2B-471B-B23F-DA6C8F588C0C}"
EndProject
Project("{FAE04EC0-301F-11D3-BF4B-00C04F79EFBC}") = "CompanyName.ProjectName.Domain", "src\CompanyName.ProjectName.Domain\CompanyName.ProjectName.Domain.csproj", "{30AC887D-A6EC-1E34-945C-72F71F3D8685}"
EndProject
Project("{FAE04EC0-301F-11D3-BF4B-00C04F79EFBC}") = "CompanyName.ProjectName.Infrastructure", "src\CompanyName.ProjectName.Infrastructure\CompanyName.ProjectName.Infrastructure.csproj", "{F87AAC72-E6E1-7261-D64F-BDE38992AE5C}"
EndProject
Project("{2150E333-8FDC-42A3-9474-1A3956D46DE8}") = "components", "components", "{12769019-4D5F-4807-AAF0-96B1F001243C}"
EndProject
Project("{2150E333-8FDC-42A3-9474-1A3956D46DE8}") = "ddd-struct", "ddd-struct", "{BAD57F20-7BE4-4D7D-BD30-3DD6F4577F1E}"
EndProject
Project("{2150E333-8FDC-42A3-9474-1A3956D46DE8}") = "core", "core", "{8AAD2601-B565-42D5-B4C7-B5B8AEBA209E}"
EndProject
Project("{2150E333-8FDC-42A3-9474-1A3956D46DE8}") = "event-bus", "event-bus", "{F8ACEA81-803B-4597-AF1E-B96380AE4F9C}"
EndProject
Project("{2150E333-8FDC-42A3-9474-1A3956D46DE8}") = "exception", "exception", "{A8C3C484-06AA-4659-A8DE-FC45563BB5A0}"
EndProject
Project("{FAE04EC0-301F-11D3-BF4B-00C04F79EFBC}") = "Leistd.Core", "components\core\Leistd.Core\Leistd.Core.csproj", "{836E5A06-DC1B-C42C-92C7-0BF95881F299}"
EndProject
Project("{FAE04EC0-301F-11D3-BF4B-00C04F79EFBC}") = "Leistd.EventBus.Core", "components\event-bus\Leistd.EventBus.Core\Leistd.EventBus.Core.csproj", "{80C631E2-CFA9-179C-F1B5-8A84781E9B49}"
EndProject
Project("{FAE04EC0-301F-11D3-BF4B-00C04F79EFBC}") = "Leistd.Exception.Core", "components\exception\Leistd.Exception.Core\Leistd.Exception.Core.csproj", "{465E3441-4816-FBEE-863F-4296A9C95123}"
EndProject
Project("{FAE04EC0-301F-11D3-BF4B-00C04F79EFBC}") = "Leistd.Exception.AspNetCore", "components\exception\Leistd.Exception.AspNetCore\Leistd.Exception.AspNetCore.csproj", "{E557328F-D2CB-C9CD-A492-B8068BA9C235}"
EndProject
Project("{FAE04EC0-301F-11D3-BF4B-00C04F79EFBC}") = "Leistd.Ddd.Domain", "ddd-struct\Leistd.Ddd.Domain\Leistd.Ddd.Domain.csproj", "{719C10E1-C730-ED36-009A-514F895DD8AB}"
EndProject
Project("{FAE04EC0-301F-11D3-BF4B-00C04F79EFBC}") = "Leistd.EventBus.Local", "components\event-bus\Leistd.EventBus.Local\Leistd.EventBus.Local.csproj", "{46BBAD46-75F3-D075-161F-F52A815AD661}"
EndProject
Project("{FAE04EC0-301F-11D3-BF4B-00C04F79EFBC}") = "Leistd.Ddd.Infrastructure", "ddd-struct\Leistd.Ddd.Infrastructure\Leistd.Ddd.Infrastructure.csproj", "{53D13860-9B63-E037-4583-C310F7CB79F8}"
EndProject
Project("{2150E333-8FDC-42A3-9474-1A3956D46DE8}") = "aop", "aop", "{5DD5E916-E9C6-43A3-8F3C-C7B5EBE11483}"
EndProject
Project("{FAE04EC0-301F-11D3-BF4B-00C04F79EFBC}") = "Leistd.DynamicProxy", "components\aop\Leistd.DynamicProxy\Leistd.DynamicProxy.csproj", "{0BF2C71C-946E-486B-856F-36AFB975C682}"
EndProject
Project("{2150E333-8FDC-42A3-9474-1A3956D46DE8}") = "unit-of-work", "unit-of-work", "{CEDB1B56-A8DF-4FD0-8FD2-FFAC3070B9BF}"
EndProject
Project("{FAE04EC0-301F-11D3-BF4B-00C04F79EFBC}") = "Leistd.UnitOfWork.EfCore", "components\unit-of-work\Leistd.UnitOfWork.EfCore\Leistd.UnitOfWork.EfCore.csproj", "{8D81A703-DBE0-41DB-A24D-9154575ED15A}"
EndProject
Project("{FAE04EC0-301F-11D3-BF4B-00C04F79EFBC}") = "Leistd.UnitOfWork.Core", "components\unit-of-work\Leistd.UnitOfWork.Core\Leistd.UnitOfWork.Core.csproj", "{40BAB541-F126-F248-012D-8B5E69C65F69}"
EndProject
Project("{2150E333-8FDC-42A3-9474-1A3956D46DE8}") = "dependency-injection", "dependency-injection", "{B95B571B-FC21-30E2-375D-D4508356993C}"
EndProject
Project("{FAE04EC0-301F-11D3-BF4B-00C04F79EFBC}") = "Leistd.DependencyInjection", "components\dependency-injection\Leistd.DependencyInjection\Leistd.DependencyInjection.csproj", "{1D8AD7B8-A2BB-43ED-9D9D-278715E2F4F1}"
EndProject
Project("{2150E333-8FDC-42A3-9474-1A3956D46DE8}") = "tracing", "tracing", "{986AA7E6-283E-C326-6341-F0A5365325D3}"
EndProject
Project("{FAE04EC0-301F-11D3-BF4B-00C04F79EFBC}") = "Leistd.Tracing.Core", "components\tracing\Leistd.Tracing.Core\Leistd.Tracing.Core.csproj", "{56DA8E32-E2A3-4B6A-8E3B-028BECF51803}"
EndProject
Project("{FAE04EC0-301F-11D3-BF4B-00C04F79EFBC}") = "Leistd.Tracing.HttpClient", "components\tracing\Leistd.Tracing.HttpClient\Leistd.Tracing.HttpClient.csproj", "{0E050FCE-5B97-4FE4-A380-45A0DAE5B89D}"
EndProject
Project("{FAE04EC0-301F-11D3-BF4B-00C04F79EFBC}") = "Leistd.Tracing.AspNetCore", "components\tracing\Leistd.Tracing.AspNetCore\Leistd.Tracing.AspNetCore.csproj", "{6689FDB3-2BE5-4D35-81F1-2A3B35CDFFB8}"
EndProject
Project("{FAE04EC0-301F-11D3-BF4B-00C04F79EFBC}") = "Leistd.Ddd.Application.Contracts", "ddd-struct\Leistd.Ddd.Application.Contracts\Leistd.Ddd.Application.Contracts.csproj", "{37994441-681A-0DBC-77B9-5EC8116370AA}"
EndProject
Project("{2150E333-8FDC-42A3-9474-1A3956D46DE8}") = "object-mapping", "object-mapping", "{F4640B2A-8578-4133-A4F0-FF81B6E8A99A}"
EndProject
Project("{FAE04EC0-301F-11D3-BF4B-00C04F79EFBC}") = "Leistd.ObjectMapping.Core", "components\object-mapping\Leistd.ObjectMapping.Core\Leistd.ObjectMapping.Core.csproj", "{F4EF3737-D255-29A8-A7F1-166240605625}"
EndProject
Project("{2150E333-8FDC-42A3-9474-1A3956D46DE8}") = "response", "response", "{220042CD-3A51-4650-9D33-D373194F3F07}"
EndProject
Project("{FAE04EC0-301F-11D3-BF4B-00C04F79EFBC}") = "Leistd.Response.AspNetCore", "components\response\Leistd.Response.AspNetCore\Leistd.Response.AspNetCore.csproj", "{2F116824-3B63-1DBE-3298-658B507BF190}"
EndProject
Project("{FAE04EC0-301F-11D3-BF4B-00C04F79EFBC}") = "Leistd.Response.Core", "components\response\Leistd.Response.Core\Leistd.Response.Core.csproj", "{F8E9125D-994E-68F2-01F0-20882B8D57E7}"
EndProject
Project("{2150E333-8FDC-42A3-9474-1A3956D46DE8}") = "security", "security", "{71CC1D5B-55BF-4F53-BE04-A2D7AA32CBC5}"
EndProject
Project("{FAE04EC0-301F-11D3-BF4B-00C04F79EFBC}") = "Leistd.Security.Core", "components\security\Leistd.Security.Core\Leistd.Security.Core.csproj", "{28D38C29-84A2-2165-8F9B-B6D6CB898394}"
EndProject
Project("{FAE04EC0-301F-11D3-BF4B-00C04F79EFBC}") = "Leistd.Security.AspNetCore", "components\security\Leistd.Security.AspNetCore\Leistd.Security.AspNetCore.csproj", "{9775676D-8D41-CCCC-EDEC-43FC91A7A18A}"
EndProject
Project("{FAE04EC0-301F-11D3-BF4B-00C04F79EFBC}") = "Leistd.Ddd.Application", "ddd-struct\Leistd.Ddd.Application\Leistd.Ddd.Application.csproj", "{C476AD40-6B77-84C2-46AF-DF733037468C}"
EndProject
Project("{FAE04EC0-301F-11D3-BF4B-00C04F79EFBC}") = "Leistd.ObjectMapping.Mapster", "components\object-mapping\Leistd.ObjectMapping.Mapster\Leistd.ObjectMapping.Mapster.csproj", "{2B6DA453-56AD-BC6B-9A91-B2C8BF254349}"
EndProject
Project("{2150E333-8FDC-42A3-9474-1A3956D46DE8}") = "lock", "lock", "{DD008CE6-F593-EDEA-9CF5-CFC82A0C6CF2}"
EndProject
Project("{FAE04EC0-301F-11D3-BF4B-00C04F79EFBC}") = "Leistd.Lock.Core", "components\lock\Leistd.Lock.Core\Leistd.Lock.Core.csproj", "{E9ADDDF0-D466-4388-8C44-80CCC73C7053}"
EndProject
Project("{FAE04EC0-301F-11D3-BF4B-00C04F79EFBC}") = "Leistd.Lock.Redis", "components\lock\Leistd.Lock.Redis\Leistd.Lock.Redis.csproj", "{683FB2CF-8514-4DB1-A1F0-E9CF2325C7BF}"
EndProject
Project("{FAE04EC0-301F-11D3-BF4B-00C04F79EFBC}") = "Leistd.Lock.Memory", "components\lock\Leistd.Lock.Memory\Leistd.Lock.Memory.csproj", "{67DEF5D4-B42C-4013-AC93-99FF88F9E940}"
EndProject
Global
	GlobalSection(SolutionConfigurationPlatforms) = preSolution
		Debug|Any CPU = Debug|Any CPU
		Debug|x64 = Debug|x64
		Debug|x86 = Debug|x86
		Release|Any CPU = Release|Any CPU
		Release|x64 = Release|x64
		Release|x86 = Release|x86
	EndGlobalSection
	GlobalSection(ProjectConfigurationPlatforms) = postSolution
		{46B23B44-1DB9-411D-9641-3FC5235EEB57}.Debug|Any CPU.ActiveCfg = Debug|Any CPU
		{46B23B44-1DB9-411D-9641-3FC5235EEB57}.Debug|Any CPU.Build.0 = Debug|Any CPU
		{46B23B44-1DB9-411D-9641-3FC5235EEB57}.Debug|x64.ActiveCfg = Debug|Any CPU
		{46B23B44-1DB9-411D-9641-3FC5235EEB57}.Debug|x64.Build.0 = Debug|Any CPU
		{46B23B44-1DB9-411D-9641-3FC5235EEB57}.Debug|x86.ActiveCfg = Debug|Any CPU
		{46B23B44-1DB9-411D-9641-3FC5235EEB57}.Debug|x86.Build.0 = Debug|Any CPU
		{46B23B44-1DB9-411D-9641-3FC5235EEB57}.Release|Any CPU.ActiveCfg = Release|Any CPU
		{46B23B44-1DB9-411D-9641-3FC5235EEB57}.Release|Any CPU.Build.0 = Release|Any CPU
		{46B23B44-1DB9-411D-9641-3FC5235EEB57}.Release|x64.ActiveCfg = Release|Any CPU
		{46B23B44-1DB9-411D-9641-3FC5235EEB57}.Release|x64.Build.0 = Release|Any CPU
		{46B23B44-1DB9-411D-9641-3FC5235EEB57}.Release|x86.ActiveCfg = Release|Any CPU
		{46B23B44-1DB9-411D-9641-3FC5235EEB57}.Release|x86.Build.0 = Release|Any CPU
		{EAE1258C-AA2B-471B-B23F-DA6C8F588C0C}.Debug|Any CPU.ActiveCfg = Debug|Any CPU
		{EAE1258C-AA2B-471B-B23F-DA6C8F588C0C}.Debug|Any CPU.Build.0 = Debug|Any CPU
		{EAE1258C-AA2B-471B-B23F-DA6C8F588C0C}.Debug|x64.ActiveCfg = Debug|Any CPU
		{EAE1258C-AA2B-471B-B23F-DA6C8F588C0C}.Debug|x64.Build.0 = Debug|Any CPU
		{EAE1258C-AA2B-471B-B23F-DA6C8F588C0C}.Debug|x86.ActiveCfg = Debug|Any CPU
		{EAE1258C-AA2B-471B-B23F-DA6C8F588C0C}.Debug|x86.Build.0 = Debug|Any CPU
		{EAE1258C-AA2B-471B-B23F-DA6C8F588C0C}.Release|Any CPU.ActiveCfg = Release|Any CPU
		{EAE1258C-AA2B-471B-B23F-DA6C8F588C0C}.Release|Any CPU.Build.0 = Release|Any CPU
		{EAE1258C-AA2B-471B-B23F-DA6C8F588C0C}.Release|x64.ActiveCfg = Release|Any CPU
		{EAE1258C-AA2B-471B-B23F-DA6C8F588C0C}.Release|x64.Build.0 = Release|Any CPU
		{EAE1258C-AA2B-471B-B23F-DA6C8F588C0C}.Release|x86.ActiveCfg = Release|Any CPU
		{EAE1258C-AA2B-471B-B23F-DA6C8F588C0C}.Release|x86.Build.0 = Release|Any CPU
		{30AC887D-A6EC-1E34-945C-72F71F3D8685}.Debug|Any CPU.ActiveCfg = Debug|Any CPU
		{30AC887D-A6EC-1E34-945C-72F71F3D8685}.Debug|Any CPU.Build.0 = Debug|Any CPU
		{30AC887D-A6EC-1E34-945C-72F71F3D8685}.Debug|x64.ActiveCfg = Debug|Any CPU
		{30AC887D-A6EC-1E34-945C-72F71F3D8685}.Debug|x64.Build.0 = Debug|Any CPU
		{30AC887D-A6EC-1E34-945C-72F71F3D8685}.Debug|x86.ActiveCfg = Debug|Any CPU
		{30AC887D-A6EC-1E34-945C-72F71F3D8685}.Debug|x86.Build.0 = Debug|Any CPU
		{30AC887D-A6EC-1E34-945C-72F71F3D8685}.Release|Any CPU.ActiveCfg = Release|Any CPU
		{30AC887D-A6EC-1E34-945C-72F71F3D8685}.Release|Any CPU.Build.0 = Release|Any CPU
		{30AC887D-A6EC-1E34-945C-72F71F3D8685}.Release|x64.ActiveCfg = Release|Any CPU
		{30AC887D-A6EC-1E34-945C-72F71F3D8685}.Release|x64.Build.0 = Release|Any CPU
		{30AC887D-A6EC-1E34-945C-72F71F3D8685}.Release|x86.ActiveCfg = Release|Any CPU
		{30AC887D-A6EC-1E34-945C-72F71F3D8685}.Release|x86.Build.0 = Release|Any CPU
		{F87AAC72-E6E1-7261-D64F-BDE38992AE5C}.Debug|Any CPU.ActiveCfg = Debug|Any CPU
		{F87AAC72-E6E1-7261-D64F-BDE38992AE5C}.Debug|Any CPU.Build.0 = Debug|Any CPU
		{F87AAC72-E6E1-7261-D64F-BDE38992AE5C}.Debug|x64.ActiveCfg = Debug|Any CPU
		{F87AAC72-E6E1-7261-D64F-BDE38992AE5C}.Debug|x64.Build.0 = Debug|Any CPU
		{F87AAC72-E6E1-7261-D64F-BDE38992AE5C}.Debug|x86.ActiveCfg = Debug|Any CPU
		{F87AAC72-E6E1-7261-D64F-BDE38992AE5C}.Debug|x86.Build.0 = Debug|Any CPU
		{F87AAC72-E6E1-7261-D64F-BDE38992AE5C}.Release|Any CPU.ActiveCfg = Release|Any CPU
		{F87AAC72-E6E1-7261-D64F-BDE38992AE5C}.Release|Any CPU.Build.0 = Release|Any CPU
		{F87AAC72-E6E1-7261-D64F-BDE38992AE5C}.Release|x64.ActiveCfg = Release|Any CPU
		{F87AAC72-E6E1-7261-D64F-BDE38992AE5C}.Release|x64.Build.0 = Release|Any CPU
		{F87AAC72-E6E1-7261-D64F-BDE38992AE5C}.Release|x86.ActiveCfg = Release|Any CPU
		{F87AAC72-E6E1-7261-D64F-BDE38992AE5C}.Release|x86.Build.0 = Release|Any CPU
		{836E5A06-DC1B-C42C-92C7-0BF95881F299}.Debug|Any CPU.ActiveCfg = Debug|Any CPU
		{836E5A06-DC1B-C42C-92C7-0BF95881F299}.Debug|Any CPU.Build.0 = Debug|Any CPU
		{836E5A06-DC1B-C42C-92C7-0BF95881F299}.Debug|x64.ActiveCfg = Debug|Any CPU
		{836E5A06-DC1B-C42C-92C7-0BF95881F299}.Debug|x64.Build.0 = Debug|Any CPU
		{836E5A06-DC1B-C42C-92C7-0BF95881F299}.Debug|x86.ActiveCfg = Debug|Any CPU
		{836E5A06-DC1B-C42C-92C7-0BF95881F299}.Debug|x86.Build.0 = Debug|Any CPU
		{836E5A06-DC1B-C42C-92C7-0BF95881F299}.Release|Any CPU.ActiveCfg = Release|Any CPU
		{836E5A06-DC1B-C42C-92C7-0BF95881F299}.Release|Any CPU.Build.0 = Release|Any CPU
		{836E5A06-DC1B-C42C-92C7-0BF95881F299}.Release|x64.ActiveCfg = Release|Any CPU
		{836E5A06-DC1B-C42C-92C7-0BF95881F299}.Release|x64.Build.0 = Release|Any CPU
		{836E5A06-DC1B-C42C-92C7-0BF95881F299}.Release|x86.ActiveCfg = Release|Any CPU
		{836E5A06-DC1B-C42C-92C7-0BF95881F299}.Release|x86.Build.0 = Release|Any CPU
		{80C631E2-CFA9-179C-F1B5-8A84781E9B49}.Debug|Any CPU.ActiveCfg = Debug|Any CPU
		{80C631E2-CFA9-179C-F1B5-8A84781E9B49}.Debug|Any CPU.Build.0 = Debug|Any CPU
		{80C631E2-CFA9-179C-F1B5-8A84781E9B49}.Debug|x64.ActiveCfg = Debug|Any CPU
		{80C631E2-CFA9-179C-F1B5-8A84781E9B49}.Debug|x64.Build.0 = Debug|Any CPU
		{80C631E2-CFA9-179C-F1B5-8A84781E9B49}.Debug|x86.ActiveCfg = Debug|Any CPU
		{80C631E2-CFA9-179C-F1B5-8A84781E9B49}.Debug|x86.Build.0 = Debug|Any CPU
		{80C631E2-CFA9-179C-F1B5-8A84781E9B49}.Release|Any CPU.ActiveCfg = Release|Any CPU
		{80C631E2-CFA9-179C-F1B5-8A84781E9B49}.Release|Any CPU.Build.0 = Release|Any CPU
		{80C631E2-CFA9-179C-F1B5-8A84781E9B49}.Release|x64.ActiveCfg = Release|Any CPU
		{80C631E2-CFA9-179C-F1B5-8A84781E9B49}.Release|x64.Build.0 = Release|Any CPU
		{80C631E2-CFA9-179C-F1B5-8A84781E9B49}.Release|x86.ActiveCfg = Release|Any CPU
		{80C631E2-CFA9-179C-F1B5-8A84781E9B49}.Release|x86.Build.0 = Release|Any CPU
		{465E3441-4816-FBEE-863F-4296A9C95123}.Debug|Any CPU.ActiveCfg = Debug|Any CPU
		{465E3441-4816-FBEE-863F-4296A9C95123}.Debug|Any CPU.Build.0 = Debug|Any CPU
		{465E3441-4816-FBEE-863F-4296A9C95123}.Debug|x64.ActiveCfg = Debug|Any CPU
		{465E3441-4816-FBEE-863F-4296A9C95123}.Debug|x64.Build.0 = Debug|Any CPU
		{465E3441-4816-FBEE-863F-4296A9C95123}.Debug|x86.ActiveCfg = Debug|Any CPU
		{465E3441-4816-FBEE-863F-4296A9C95123}.Debug|x86.Build.0 = Debug|Any CPU
		{465E3441-4816-FBEE-863F-4296A9C95123}.Release|Any CPU.ActiveCfg = Release|Any CPU
		{465E3441-4816-FBEE-863F-4296A9C95123}.Release|Any CPU.Build.0 = Release|Any CPU
		{465E3441-4816-FBEE-863F-4296A9C95123}.Release|x64.ActiveCfg = Release|Any CPU
		{465E3441-4816-FBEE-863F-4296A9C95123}.Release|x64.Build.0 = Release|Any CPU
		{465E3441-4816-FBEE-863F-4296A9C95123}.Release|x86.ActiveCfg = Release|Any CPU
		{465E3441-4816-FBEE-863F-4296A9C95123}.Release|x86.Build.0 = Release|Any CPU
		{E557328F-D2CB-C9CD-A492-B8068BA9C235}.Debug|Any CPU.ActiveCfg = Debug|Any CPU
		{E557328F-D2CB-C9CD-A492-B8068BA9C235}.Debug|Any CPU.Build.0 = Debug|Any CPU
		{E557328F-D2CB-C9CD-A492-B8068BA9C235}.Debug|x64.ActiveCfg = Debug|Any CPU
		{E557328F-D2CB-C9CD-A492-B8068BA9C235}.Debug|x64.Build.0 = Debug|Any CPU
		{E557328F-D2CB-C9CD-A492-B8068BA9C235}.Debug|x86.ActiveCfg = Debug|Any CPU
		{E557328F-D2CB-C9CD-A492-B8068BA9C235}.Debug|x86.Build.0 = Debug|Any CPU
		{E557328F-D2CB-C9CD-A492-B8068BA9C235}.Release|Any CPU.ActiveCfg = Release|Any CPU
		{E557328F-D2CB-C9CD-A492-B8068BA9C235}.Release|Any CPU.Build.0 = Release|Any CPU
		{E557328F-D2CB-C9CD-A492-B8068BA9C235}.Release|x64.ActiveCfg = Release|Any CPU
		{E557328F-D2CB-C9CD-A492-B8068BA9C235}.Release|x64.Build.0 = Release|Any CPU
		{E557328F-D2CB-C9CD-A492-B8068BA9C235}.Release|x86.ActiveCfg = Release|Any CPU
		{E557328F-D2CB-C9CD-A492-B8068BA9C235}.Release|x86.Build.0 = Release|Any CPU
		{719C10E1-C730-ED36-009A-514F895DD8AB}.Debug|Any CPU.ActiveCfg = Debug|Any CPU
		{719C10E1-C730-ED36-009A-514F895DD8AB}.Debug|Any CPU.Build.0 = Debug|Any CPU
		{719C10E1-C730-ED36-009A-514F895DD8AB}.Debug|x64.ActiveCfg = Debug|Any CPU
		{719C10E1-C730-ED36-009A-514F895DD8AB}.Debug|x64.Build.0 = Debug|Any CPU
		{719C10E1-C730-ED36-009A-514F895DD8AB}.Debug|x86.ActiveCfg = Debug|Any CPU
		{719C10E1-C730-ED36-009A-514F895DD8AB}.Debug|x86.Build.0 = Debug|Any CPU
		{719C10E1-C730-ED36-009A-514F895DD8AB}.Release|Any CPU.ActiveCfg = Release|Any CPU
		{719C10E1-C730-ED36-009A-514F895DD8AB}.Release|Any CPU.Build.0 = Release|Any CPU
		{719C10E1-C730-ED36-009A-514F895DD8AB}.Release|x64.ActiveCfg = Release|Any CPU
		{719C10E1-C730-ED36-009A-514F895DD8AB}.Release|x64.Build.0 = Release|Any CPU
		{719C10E1-C730-ED36-009A-514F895DD8AB}.Release|x86.ActiveCfg = Release|Any CPU
		{719C10E1-C730-ED36-009A-514F895DD8AB}.Release|x86.Build.0 = Release|Any CPU
		{46BBAD46-75F3-D075-161F-F52A815AD661}.Debug|Any CPU.ActiveCfg = Debug|Any CPU
		{46BBAD46-75F3-D075-161F-F52A815AD661}.Debug|Any CPU.Build.0 = Debug|Any CPU
		{46BBAD46-75F3-D075-161F-F52A815AD661}.Debug|x64.ActiveCfg = Debug|Any CPU
		{46BBAD46-75F3-D075-161F-F52A815AD661}.Debug|x64.Build.0 = Debug|Any CPU
		{46BBAD46-75F3-D075-161F-F52A815AD661}.Debug|x86.ActiveCfg = Debug|Any CPU
		{46BBAD46-75F3-D075-161F-F52A815AD661}.Debug|x86.Build.0 = Debug|Any CPU
		{46BBAD46-75F3-D075-161F-F52A815AD661}.Release|Any CPU.ActiveCfg = Release|Any CPU
		{46BBAD46-75F3-D075-161F-F52A815AD661}.Release|Any CPU.Build.0 = Release|Any CPU
		{46BBAD46-75F3-D075-161F-F52A815AD661}.Release|x64.ActiveCfg = Release|Any CPU
		{46BBAD46-75F3-D075-161F-F52A815AD661}.Release|x64.Build.0 = Release|Any CPU
		{46BBAD46-75F3-D075-161F-F52A815AD661}.Release|x86.ActiveCfg = Release|Any CPU
		{46BBAD46-75F3-D075-161F-F52A815AD661}.Release|x86.Build.0 = Release|Any CPU
		{53D13860-9B63-E037-4583-C310F7CB79F8}.Debug|Any CPU.ActiveCfg = Debug|Any CPU
		{53D13860-9B63-E037-4583-C310F7CB79F8}.Debug|Any CPU.Build.0 = Debug|Any CPU
		{53D13860-9B63-E037-4583-C310F7CB79F8}.Debug|x64.ActiveCfg = Debug|Any CPU
		{53D13860-9B63-E037-4583-C310F7CB79F8}.Debug|x64.Build.0 = Debug|Any CPU
		{53D13860-9B63-E037-4583-C310F7CB79F8}.Debug|x86.ActiveCfg = Debug|Any CPU
		{53D13860-9B63-E037-4583-C310F7CB79F8}.Debug|x86.Build.0 = Debug|Any CPU
		{53D13860-9B63-E037-4583-C310F7CB79F8}.Release|Any CPU.ActiveCfg = Release|Any CPU
		{53D13860-9B63-E037-4583-C310F7CB79F8}.Release|Any CPU.Build.0 = Release|Any CPU
		{53D13860-9B63-E037-4583-C310F7CB79F8}.Release|x64.ActiveCfg = Release|Any CPU
		{53D13860-9B63-E037-4583-C310F7CB79F8}.Release|x64.Build.0 = Release|Any CPU
		{53D13860-9B63-E037-4583-C310F7CB79F8}.Release|x86.ActiveCfg = Release|Any CPU
		{53D13860-9B63-E037-4583-C310F7CB79F8}.Release|x86.Build.0 = Release|Any CPU
		{0BF2C71C-946E-486B-856F-36AFB975C682}.Debug|Any CPU.ActiveCfg = Debug|Any CPU
		{0BF2C71C-946E-486B-856F-36AFB975C682}.Debug|Any CPU.Build.0 = Debug|Any CPU
		{0BF2C71C-946E-486B-856F-36AFB975C682}.Debug|x64.ActiveCfg = Debug|Any CPU
		{0BF2C71C-946E-486B-856F-36AFB975C682}.Debug|x64.Build.0 = Debug|Any CPU
		{0BF2C71C-946E-486B-856F-36AFB975C682}.Debug|x86.ActiveCfg = Debug|Any CPU
		{0BF2C71C-946E-486B-856F-36AFB975C682}.Debug|x86.Build.0 = Debug|Any CPU
		{0BF2C71C-946E-486B-856F-36AFB975C682}.Release|Any CPU.ActiveCfg = Release|Any CPU
		{0BF2C71C-946E-486B-856F-36AFB975C682}.Release|Any CPU.Build.0 = Release|Any CPU
		{0BF2C71C-946E-486B-856F-36AFB975C682}.Release|x64.ActiveCfg = Release|Any CPU
		{0BF2C71C-946E-486B-856F-36AFB975C682}.Release|x64.Build.0 = Release|Any CPU
		{0BF2C71C-946E-486B-856F-36AFB975C682}.Release|x86.ActiveCfg = Release|Any CPU
		{0BF2C71C-946E-486B-856F-36AFB975C682}.Release|x86.Build.0 = Release|Any CPU
		{8D81A703-DBE0-41DB-A24D-9154575ED15A}.Debug|Any CPU.ActiveCfg = Debug|Any CPU
		{8D81A703-DBE0-41DB-A24D-9154575ED15A}.Debug|Any CPU.Build.0 = Debug|Any CPU
		{8D81A703-DBE0-41DB-A24D-9154575ED15A}.Debug|x64.ActiveCfg = Debug|Any CPU
		{8D81A703-DBE0-41DB-A24D-9154575ED15A}.Debug|x64.Build.0 = Debug|Any CPU
		{8D81A703-DBE0-41DB-A24D-9154575ED15A}.Debug|x86.ActiveCfg = Debug|Any CPU
		{8D81A703-DBE0-41DB-A24D-9154575ED15A}.Debug|x86.Build.0 = Debug|Any CPU
		{8D81A703-DBE0-41DB-A24D-9154575ED15A}.Release|Any CPU.ActiveCfg = Release|Any CPU
		{8D81A703-DBE0-41DB-A24D-9154575ED15A}.Release|Any CPU.Build.0 = Release|Any CPU
		{8D81A703-DBE0-41DB-A24D-9154575ED15A}.Release|x64.ActiveCfg = Release|Any CPU
		{8D81A703-DBE0-41DB-A24D-9154575ED15A}.Release|x64.Build.0 = Release|Any CPU
		{8D81A703-DBE0-41DB-A24D-9154575ED15A}.Release|x86.ActiveCfg = Release|Any CPU
		{8D81A703-DBE0-41DB-A24D-9154575ED15A}.Release|x86.Build.0 = Release|Any CPU
		{40BAB541-F126-F248-012D-8B5E69C65F69}.Debug|Any CPU.ActiveCfg = Debug|Any CPU
		{40BAB541-F126-F248-012D-8B5E69C65F69}.Debug|Any CPU.Build.0 = Debug|Any CPU
		{40BAB541-F126-F248-012D-8B5E69C65F69}.Debug|x64.ActiveCfg = Debug|Any CPU
		{40BAB541-F126-F248-012D-8B5E69C65F69}.Debug|x64.Build.0 = Debug|Any CPU
		{40BAB541-F126-F248-012D-8B5E69C65F69}.Debug|x86.ActiveCfg = Debug|Any CPU
		{40BAB541-F126-F248-012D-8B5E69C65F69}.Debug|x86.Build.0 = Debug|Any CPU
		{40BAB541-F126-F248-012D-8B5E69C65F69}.Release|Any CPU.ActiveCfg = Release|Any CPU
		{40BAB541-F126-F248-012D-8B5E69C65F69}.Release|Any CPU.Build.0 = Release|Any CPU
		{40BAB541-F126-F248-012D-8B5E69C65F69}.Release|x64.ActiveCfg = Release|Any CPU
		{40BAB541-F126-F248-012D-8B5E69C65F69}.Release|x64.Build.0 = Release|Any CPU
		{40BAB541-F126-F248-012D-8B5E69C65F69}.Release|x86.ActiveCfg = Release|Any CPU
		{40BAB541-F126-F248-012D-8B5E69C65F69}.Release|x86.Build.0 = Release|Any CPU
		{1D8AD7B8-A2BB-43ED-9D9D-278715E2F4F1}.Debug|Any CPU.ActiveCfg = Debug|Any CPU
		{1D8AD7B8-A2BB-43ED-9D9D-278715E2F4F1}.Debug|Any CPU.Build.0 = Debug|Any CPU
		{1D8AD7B8-A2BB-43ED-9D9D-278715E2F4F1}.Debug|x64.ActiveCfg = Debug|Any CPU
		{1D8AD7B8-A2BB-43ED-9D9D-278715E2F4F1}.Debug|x64.Build.0 = Debug|Any CPU
		{1D8AD7B8-A2BB-43ED-9D9D-278715E2F4F1}.Debug|x86.ActiveCfg = Debug|Any CPU
		{1D8AD7B8-A2BB-43ED-9D9D-278715E2F4F1}.Debug|x86.Build.0 = Debug|Any CPU
		{1D8AD7B8-A2BB-43ED-9D9D-278715E2F4F1}.Release|Any CPU.ActiveCfg = Release|Any CPU
		{1D8AD7B8-A2BB-43ED-9D9D-278715E2F4F1}.Release|Any CPU.Build.0 = Release|Any CPU
		{1D8AD7B8-A2BB-43ED-9D9D-278715E2F4F1}.Release|x64.ActiveCfg = Release|Any CPU
		{1D8AD7B8-A2BB-43ED-9D9D-278715E2F4F1}.Release|x64.Build.0 = Release|Any CPU
		{1D8AD7B8-A2BB-43ED-9D9D-278715E2F4F1}.Release|x86.ActiveCfg = Release|Any CPU
		{1D8AD7B8-A2BB-43ED-9D9D-278715E2F4F1}.Release|x86.Build.0 = Release|Any CPU
		{56DA8E32-E2A3-4B6A-8E3B-028BECF51803}.Debug|Any CPU.ActiveCfg = Debug|Any CPU
		{56DA8E32-E2A3-4B6A-8E3B-028BECF51803}.Debug|Any CPU.Build.0 = Debug|Any CPU
		{56DA8E32-E2A3-4B6A-8E3B-028BECF51803}.Debug|x64.ActiveCfg = Debug|Any CPU
		{56DA8E32-E2A3-4B6A-8E3B-028BECF51803}.Debug|x64.Build.0 = Debug|Any CPU
		{56DA8E32-E2A3-4B6A-8E3B-028BECF51803}.Debug|x86.ActiveCfg = Debug|Any CPU
		{56DA8E32-E2A3-4B6A-8E3B-028BECF51803}.Debug|x86.Build.0 = Debug|Any CPU
		{56DA8E32-E2A3-4B6A-8E3B-028BECF51803}.Release|Any CPU.ActiveCfg = Release|Any CPU
		{56DA8E32-E2A3-4B6A-8E3B-028BECF51803}.Release|Any CPU.Build.0 = Release|Any CPU
		{56DA8E32-E2A3-4B6A-8E3B-028BECF51803}.Release|x64.ActiveCfg = Release|Any CPU
		{56DA8E32-E2A3-4B6A-8E3B-028BECF51803}.Release|x64.Build.0 = Release|Any CPU
		{56DA8E32-E2A3-4B6A-8E3B-028BECF51803}.Release|x86.ActiveCfg = Release|Any CPU
		{56DA8E32-E2A3-4B6A-8E3B-028BECF51803}.Release|x86.Build.0 = Release|Any CPU
		{0E050FCE-5B97-4FE4-A380-45A0DAE5B89D}.Debug|Any CPU.ActiveCfg = Debug|Any CPU
		{0E050FCE-5B97-4FE4-A380-45A0DAE5B89D}.Debug|Any CPU.Build.0 = Debug|Any CPU
		{0E050FCE-5B97-4FE4-A380-45A0DAE5B89D}.Debug|x64.ActiveCfg = Debug|Any CPU
		{0E050FCE-5B97-4FE4-A380-45A0DAE5B89D}.Debug|x64.Build.0 = Debug|Any CPU
		{0E050FCE-5B97-4FE4-A380-45A0DAE5B89D}.Debug|x86.ActiveCfg = Debug|Any CPU
		{0E050FCE-5B97-4FE4-A380-45A0DAE5B89D}.Debug|x86.Build.0 = Debug|Any CPU
		{0E050FCE-5B97-4FE4-A380-45A0DAE5B89D}.Release|Any CPU.ActiveCfg = Release|Any CPU
		{0E050FCE-5B97-4FE4-A380-45A0DAE5B89D}.Release|Any CPU.Build.0 = Release|Any CPU
		{0E050FCE-5B97-4FE4-A380-45A0DAE5B89D}.Release|x64.ActiveCfg = Release|Any CPU
		{0E050FCE-5B97-4FE4-A380-45A0DAE5B89D}.Release|x64.Build.0 = Release|Any CPU
		{0E050FCE-5B97-4FE4-A380-45A0DAE5B89D}.Release|x86.ActiveCfg = Release|Any CPU
		{0E050FCE-5B97-4FE4-A380-45A0DAE5B89D}.Release|x86.Build.0 = Release|Any CPU
		{6689FDB3-2BE5-4D35-81F1-2A3B35CDFFB8}.Debug|Any CPU.ActiveCfg = Debug|Any CPU
		{6689FDB3-2BE5-4D35-81F1-2A3B35CDFFB8}.Debug|Any CPU.Build.0 = Debug|Any CPU
		{6689FDB3-2BE5-4D35-81F1-2A3B35CDFFB8}.Debug|x64.ActiveCfg = Debug|Any CPU
		{6689FDB3-2BE5-4D35-81F1-2A3B35CDFFB8}.Debug|x64.Build.0 = Debug|Any CPU
		{6689FDB3-2BE5-4D35-81F1-2A3B35CDFFB8}.Debug|x86.ActiveCfg = Debug|Any CPU
		{6689FDB3-2BE5-4D35-81F1-2A3B35CDFFB8}.Debug|x86.Build.0 = Debug|Any CPU
		{6689FDB3-2BE5-4D35-81F1-2A3B35CDFFB8}.Release|Any CPU.ActiveCfg = Release|Any CPU
		{6689FDB3-2BE5-4D35-81F1-2A3B35CDFFB8}.Release|Any CPU.Build.0 = Release|Any CPU
		{6689FDB3-2BE5-4D35-81F1-2A3B35CDFFB8}.Release|x64.ActiveCfg = Release|Any CPU
		{6689FDB3-2BE5-4D35-81F1-2A3B35CDFFB8}.Release|x64.Build.0 = Release|Any CPU
		{6689FDB3-2BE5-4D35-81F1-2A3B35CDFFB8}.Release|x86.ActiveCfg = Release|Any CPU
		{6689FDB3-2BE5-4D35-81F1-2A3B35CDFFB8}.Release|x86.Build.0 = Release|Any CPU
		{37994441-681A-0DBC-77B9-5EC8116370AA}.Debug|Any CPU.ActiveCfg = Debug|Any CPU
		{37994441-681A-0DBC-77B9-5EC8116370AA}.Debug|Any CPU.Build.0 = Debug|Any CPU
		{37994441-681A-0DBC-77B9-5EC8116370AA}.Debug|x64.ActiveCfg = Debug|Any CPU
		{37994441-681A-0DBC-77B9-5EC8116370AA}.Debug|x64.Build.0 = Debug|Any CPU
		{37994441-681A-0DBC-77B9-5EC8116370AA}.Debug|x86.ActiveCfg = Debug|Any CPU
		{37994441-681A-0DBC-77B9-5EC8116370AA}.Debug|x86.Build.0 = Debug|Any CPU
		{37994441-681A-0DBC-77B9-5EC8116370AA}.Release|Any CPU.ActiveCfg = Release|Any CPU
		{37994441-681A-0DBC-77B9-5EC8116370AA}.Release|Any CPU.Build.0 = Release|Any CPU
		{37994441-681A-0DBC-77B9-5EC8116370AA}.Release|x64.ActiveCfg = Release|Any CPU
		{37994441-681A-0DBC-77B9-5EC8116370AA}.Release|x64.Build.0 = Release|Any CPU
		{37994441-681A-0DBC-77B9-5EC8116370AA}.Release|x86.ActiveCfg = Release|Any CPU
		{37994441-681A-0DBC-77B9-5EC8116370AA}.Release|x86.Build.0 = Release|Any CPU
		{F4EF3737-D255-29A8-A7F1-166240605625}.Debug|Any CPU.ActiveCfg = Debug|Any CPU
		{F4EF3737-D255-29A8-A7F1-166240605625}.Debug|Any CPU.Build.0 = Debug|Any CPU
		{F4EF3737-D255-29A8-A7F1-166240605625}.Debug|x64.ActiveCfg = Debug|Any CPU
		{F4EF3737-D255-29A8-A7F1-166240605625}.Debug|x64.Build.0 = Debug|Any CPU
		{F4EF3737-D255-29A8-A7F1-166240605625}.Debug|x86.ActiveCfg = Debug|Any CPU
		{F4EF3737-D255-29A8-A7F1-166240605625}.Debug|x86.Build.0 = Debug|Any CPU
		{F4EF3737-D255-29A8-A7F1-166240605625}.Release|Any CPU.ActiveCfg = Release|Any CPU
		{F4EF3737-D255-29A8-A7F1-166240605625}.Release|Any CPU.Build.0 = Release|Any CPU
		{F4EF3737-D255-29A8-A7F1-166240605625}.Release|x64.ActiveCfg = Release|Any CPU
		{F4EF3737-D255-29A8-A7F1-166240605625}.Release|x64.Build.0 = Release|Any CPU
		{F4EF3737-D255-29A8-A7F1-166240605625}.Release|x86.ActiveCfg = Release|Any CPU
		{F4EF3737-D255-29A8-A7F1-166240605625}.Release|x86.Build.0 = Release|Any CPU
		{2F116824-3B63-1DBE-3298-658B507BF190}.Debug|Any CPU.ActiveCfg = Debug|Any CPU
		{2F116824-3B63-1DBE-3298-658B507BF190}.Debug|Any CPU.Build.0 = Debug|Any CPU
		{2F116824-3B63-1DBE-3298-658B507BF190}.Debug|x64.ActiveCfg = Debug|Any CPU
		{2F116824-3B63-1DBE-3298-658B507BF190}.Debug|x64.Build.0 = Debug|Any CPU
		{2F116824-3B63-1DBE-3298-658B507BF190}.Debug|x86.ActiveCfg = Debug|Any CPU
		{2F116824-3B63-1DBE-3298-658B507BF190}.Debug|x86.Build.0 = Debug|Any CPU
		{2F116824-3B63-1DBE-3298-658B507BF190}.Release|Any CPU.ActiveCfg = Release|Any CPU
		{2F116824-3B63-1DBE-3298-658B507BF190}.Release|Any CPU.Build.0 = Release|Any CPU
		{2F116824-3B63-1DBE-3298-658B507BF190}.Release|x64.ActiveCfg = Release|Any CPU
		{2F116824-3B63-1DBE-3298-658B507BF190}.Release|x64.Build.0 = Release|Any CPU
		{2F116824-3B63-1DBE-3298-658B507BF190}.Release|x86.ActiveCfg = Release|Any CPU
		{2F116824-3B63-1DBE-3298-658B507BF190}.Release|x86.Build.0 = Release|Any CPU
		{F8E9125D-994E-68F2-01F0-20882B8D57E7}.Debug|Any CPU.ActiveCfg = Debug|Any CPU
		{F8E9125D-994E-68F2-01F0-20882B8D57E7}.Debug|Any CPU.Build.0 = Debug|Any CPU
		{F8E9125D-994E-68F2-01F0-20882B8D57E7}.Debug|x64.ActiveCfg = Debug|Any CPU
		{F8E9125D-994E-68F2-01F0-20882B8D57E7}.Debug|x64.Build.0 = Debug|Any CPU
		{F8E9125D-994E-68F2-01F0-20882B8D57E7}.Debug|x86.ActiveCfg = Debug|Any CPU
		{F8E9125D-994E-68F2-01F0-20882B8D57E7}.Debug|x86.Build.0 = Debug|Any CPU
		{F8E9125D-994E-68F2-01F0-20882B8D57E7}.Release|Any CPU.ActiveCfg = Release|Any CPU
		{F8E9125D-994E-68F2-01F0-20882B8D57E7}.Release|Any CPU.Build.0 = Release|Any CPU
		{F8E9125D-994E-68F2-01F0-20882B8D57E7}.Release|x64.ActiveCfg = Release|Any CPU
		{F8E9125D-994E-68F2-01F0-20882B8D57E7}.Release|x64.Build.0 = Release|Any CPU
		{F8E9125D-994E-68F2-01F0-20882B8D57E7}.Release|x86.ActiveCfg = Release|Any CPU
		{F8E9125D-994E-68F2-01F0-20882B8D57E7}.Release|x86.Build.0 = Release|Any CPU
		{28D38C29-84A2-2165-8F9B-B6D6CB898394}.Debug|Any CPU.ActiveCfg = Debug|Any CPU
		{28D38C29-84A2-2165-8F9B-B6D6CB898394}.Debug|Any CPU.Build.0 = Debug|Any CPU
		{28D38C29-84A2-2165-8F9B-B6D6CB898394}.Debug|x64.ActiveCfg = Debug|Any CPU
		{28D38C29-84A2-2165-8F9B-B6D6CB898394}.Debug|x64.Build.0 = Debug|Any CPU
		{28D38C29-84A2-2165-8F9B-B6D6CB898394}.Debug|x86.ActiveCfg = Debug|Any CPU
		{28D38C29-84A2-2165-8F9B-B6D6CB898394}.Debug|x86.Build.0 = Debug|Any CPU
		{28D38C29-84A2-2165-8F9B-B6D6CB898394}.Release|Any CPU.ActiveCfg = Release|Any CPU
		{28D38C29-84A2-2165-8F9B-B6D6CB898394}.Release|Any CPU.Build.0 = Release|Any CPU
		{28D38C29-84A2-2165-8F9B-B6D6CB898394}.Release|x64.ActiveCfg = Release|Any CPU
		{28D38C29-84A2-2165-8F9B-B6D6CB898394}.Release|x64.Build.0 = Release|Any CPU
		{28D38C29-84A2-2165-8F9B-B6D6CB898394}.Release|x86.ActiveCfg = Release|Any CPU
		{28D38C29-84A2-2165-8F9B-B6D6CB898394}.Release|x86.Build.0 = Release|Any CPU
		{9775676D-8D41-CCCC-EDEC-43FC91A7A18A}.Debug|Any CPU.ActiveCfg = Debug|Any CPU
		{9775676D-8D41-CCCC-EDEC-43FC91A7A18A}.Debug|Any CPU.Build.0 = Debug|Any CPU
		{9775676D-8D41-CCCC-EDEC-43FC91A7A18A}.Debug|x64.ActiveCfg = Debug|Any CPU
		{9775676D-8D41-CCCC-EDEC-43FC91A7A18A}.Debug|x64.Build.0 = Debug|Any CPU
		{9775676D-8D41-CCCC-EDEC-43FC91A7A18A}.Debug|x86.ActiveCfg = Debug|Any CPU
		{9775676D-8D41-CCCC-EDEC-43FC91A7A18A}.Debug|x86.Build.0 = Debug|Any CPU
		{9775676D-8D41-CCCC-EDEC-43FC91A7A18A}.Release|Any CPU.ActiveCfg = Release|Any CPU
		{9775676D-8D41-CCCC-EDEC-43FC91A7A18A}.Release|Any CPU.Build.0 = Release|Any CPU
		{9775676D-8D41-CCCC-EDEC-43FC91A7A18A}.Release|x64.ActiveCfg = Release|Any CPU
		{9775676D-8D41-CCCC-EDEC-43FC91A7A18A}.Release|x64.Build.0 = Release|Any CPU
		{9775676D-8D41-CCCC-EDEC-43FC91A7A18A}.Release|x86.ActiveCfg = Release|Any CPU
		{9775676D-8D41-CCCC-EDEC-43FC91A7A18A}.Release|x86.Build.0 = Release|Any CPU
		{C476AD40-6B77-84C2-46AF-DF733037468C}.Debug|Any CPU.ActiveCfg = Debug|Any CPU
		{C476AD40-6B77-84C2-46AF-DF733037468C}.Debug|Any CPU.Build.0 = Debug|Any CPU
		{C476AD40-6B77-84C2-46AF-DF733037468C}.Debug|x64.ActiveCfg = Debug|Any CPU
		{C476AD40-6B77-84C2-46AF-DF733037468C}.Debug|x64.Build.0 = Debug|Any CPU
		{C476AD40-6B77-84C2-46AF-DF733037468C}.Debug|x86.ActiveCfg = Debug|Any CPU
		{C476AD40-6B77-84C2-46AF-DF733037468C}.Debug|x86.Build.0 = Debug|Any CPU
		{C476AD40-6B77-84C2-46AF-DF733037468C}.Release|Any CPU.ActiveCfg = Release|Any CPU
		{C476AD40-6B77-84C2-46AF-DF733037468C}.Release|Any CPU.Build.0 = Release|Any CPU
		{C476AD40-6B77-84C2-46AF-DF733037468C}.Release|x64.ActiveCfg = Release|Any CPU
		{C476AD40-6B77-84C2-46AF-DF733037468C}.Release|x64.Build.0 = Release|Any CPU
		{C476AD40-6B77-84C2-46AF-DF733037468C}.Release|x86.ActiveCfg = Release|Any CPU
		{C476AD40-6B77-84C2-46AF-DF733037468C}.Release|x86.Build.0 = Release|Any CPU
		{2B6DA453-56AD-BC6B-9A91-B2C8BF254349}.Debug|Any CPU.ActiveCfg = Debug|Any CPU
		{2B6DA453-56AD-BC6B-9A91-B2C8BF254349}.Debug|Any CPU.Build.0 = Debug|Any CPU
		{2B6DA453-56AD-BC6B-9A91-B2C8BF254349}.Debug|x64.ActiveCfg = Debug|Any CPU
		{2B6DA453-56AD-BC6B-9A91-B2C8BF254349}.Debug|x64.Build.0 = Debug|Any CPU
		{2B6DA453-56AD-BC6B-9A91-B2C8BF254349}.Debug|x86.ActiveCfg = Debug|Any CPU
		{2B6DA453-56AD-BC6B-9A91-B2C8BF254349}.Debug|x86.Build.0 = Debug|Any CPU
		{2B6DA453-56AD-BC6B-9A91-B2C8BF254349}.Release|Any CPU.ActiveCfg = Release|Any CPU
		{2B6DA453-56AD-BC6B-9A91-B2C8BF254349}.Release|Any CPU.Build.0 = Release|Any CPU
		{2B6DA453-56AD-BC6B-9A91-B2C8BF254349}.Release|x64.ActiveCfg = Release|Any CPU
		{2B6DA453-56AD-BC6B-9A91-B2C8BF254349}.Release|x64.Build.0 = Release|Any CPU
		{2B6DA453-56AD-BC6B-9A91-B2C8BF254349}.Release|x86.ActiveCfg = Release|Any CPU
		{2B6DA453-56AD-BC6B-9A91-B2C8BF254349}.Release|x86.Build.0 = Release|Any CPU
		{E9ADDDF0-D466-4388-8C44-80CCC73C7053}.Debug|Any CPU.ActiveCfg = Debug|Any CPU
		{E9ADDDF0-D466-4388-8C44-80CCC73C7053}.Debug|Any CPU.Build.0 = Debug|Any CPU
		{E9ADDDF0-D466-4388-8C44-80CCC73C7053}.Debug|x64.ActiveCfg = Debug|Any CPU
		{E9ADDDF0-D466-4388-8C44-80CCC73C7053}.Debug|x64.Build.0 = Debug|Any CPU
		{E9ADDDF0-D466-4388-8C44-80CCC73C7053}.Debug|x86.ActiveCfg = Debug|Any CPU
		{E9ADDDF0-D466-4388-8C44-80CCC73C7053}.Debug|x86.Build.0 = Debug|Any CPU
		{E9ADDDF0-D466-4388-8C44-80CCC73C7053}.Release|Any CPU.ActiveCfg = Release|Any CPU
		{E9ADDDF0-D466-4388-8C44-80CCC73C7053}.Release|Any CPU.Build.0 = Release|Any CPU
		{E9ADDDF0-D466-4388-8C44-80CCC73C7053}.Release|x64.ActiveCfg = Release|Any CPU
		{E9ADDDF0-D466-4388-8C44-80CCC73C7053}.Release|x64.Build.0 = Release|Any CPU
		{E9ADDDF0-D466-4388-8C44-80CCC73C7053}.Release|x86.ActiveCfg = Release|Any CPU
		{E9ADDDF0-D466-4388-8C44-80CCC73C7053}.Release|x86.Build.0 = Release|Any CPU
		{683FB2CF-8514-4DB1-A1F0-E9CF2325C7BF}.Debug|Any CPU.ActiveCfg = Debug|Any CPU
		{683FB2CF-8514-4DB1-A1F0-E9CF2325C7BF}.Debug|Any CPU.Build.0 = Debug|Any CPU
		{683FB2CF-8514-4DB1-A1F0-E9CF2325C7BF}.Debug|x64.ActiveCfg = Debug|Any CPU
		{683FB2CF-8514-4DB1-A1F0-E9CF2325C7BF}.Debug|x64.Build.0 = Debug|Any CPU
		{683FB2CF-8514-4DB1-A1F0-E9CF2325C7BF}.Debug|x86.ActiveCfg = Debug|Any CPU
		{683FB2CF-8514-4DB1-A1F0-E9CF2325C7BF}.Debug|x86.Build.0 = Debug|Any CPU
		{683FB2CF-8514-4DB1-A1F0-E9CF2325C7BF}.Release|Any CPU.ActiveCfg = Release|Any CPU
		{683FB2CF-8514-4DB1-A1F0-E9CF2325C7BF}.Release|Any CPU.Build.0 = Release|Any CPU
		{683FB2CF-8514-4DB1-A1F0-E9CF2325C7BF}.Release|x64.ActiveCfg = Release|Any CPU
		{683FB2CF-8514-4DB1-A1F0-E9CF2325C7BF}.Release|x64.Build.0 = Release|Any CPU
		{683FB2CF-8514-4DB1-A1F0-E9CF2325C7BF}.Release|x86.ActiveCfg = Release|Any CPU
		{683FB2CF-8514-4DB1-A1F0-E9CF2325C7BF}.Release|x86.Build.0 = Release|Any CPU
		{67DEF5D4-B42C-4013-AC93-99FF88F9E940}.Debug|Any CPU.ActiveCfg = Debug|Any CPU
		{67DEF5D4-B42C-4013-AC93-99FF88F9E940}.Debug|Any CPU.Build.0 = Debug|Any CPU
		{67DEF5D4-B42C-4013-AC93-99FF88F9E940}.Debug|x64.ActiveCfg = Debug|Any CPU
		{67DEF5D4-B42C-4013-AC93-99FF88F9E940}.Debug|x64.Build.0 = Debug|Any CPU
		{67DEF5D4-B42C-4013-AC93-99FF88F9E940}.Debug|x86.ActiveCfg = Debug|Any CPU
		{67DEF5D4-B42C-4013-AC93-99FF88F9E940}.Debug|x86.Build.0 = Debug|Any CPU
		{67DEF5D4-B42C-4013-AC93-99FF88F9E940}.Release|Any CPU.ActiveCfg = Release|Any CPU
		{67DEF5D4-B42C-4013-AC93-99FF88F9E940}.Release|Any CPU.Build.0 = Release|Any CPU
		{67DEF5D4-B42C-4013-AC93-99FF88F9E940}.Release|x64.ActiveCfg = Release|Any CPU
		{67DEF5D4-B42C-4013-AC93-99FF88F9E940}.Release|x64.Build.0 = Release|Any CPU
		{67DEF5D4-B42C-4013-AC93-99FF88F9E940}.Release|x86.ActiveCfg = Release|Any CPU
		{67DEF5D4-B42C-4013-AC93-99FF88F9E940}.Release|x86.Build.0 = Release|Any CPU
	EndGlobalSection
	GlobalSection(SolutionProperties) = preSolution
		HideSolutionNode = FALSE
	EndGlobalSection
	GlobalSection(NestedProjects) = preSolution
		{46B23B44-1DB9-411D-9641-3FC5235EEB57} = {C30D7135-B2D4-466A-BC2E-2CAB1CCCF10F}
		{EAE1258C-AA2B-471B-B23F-DA6C8F588C0C} = {C30D7135-B2D4-466A-BC2E-2CAB1CCCF10F}
		{30AC887D-A6EC-1E34-945C-72F71F3D8685} = {C30D7135-B2D4-466A-BC2E-2CAB1CCCF10F}
		{F87AAC72-E6E1-7261-D64F-BDE38992AE5C} = {C30D7135-B2D4-466A-BC2E-2CAB1CCCF10F}
		{8AAD2601-B565-42D5-B4C7-B5B8AEBA209E} = {12769019-4D5F-4807-AAF0-96B1F001243C}
		{F8ACEA81-803B-4597-AF1E-B96380AE4F9C} = {12769019-4D5F-4807-AAF0-96B1F001243C}
		{A8C3C484-06AA-4659-A8DE-FC45563BB5A0} = {12769019-4D5F-4807-AAF0-96B1F001243C}
		{836E5A06-DC1B-C42C-92C7-0BF95881F299} = {8AAD2601-B565-42D5-B4C7-B5B8AEBA209E}
		{80C631E2-CFA9-179C-F1B5-8A84781E9B49} = {F8ACEA81-803B-4597-AF1E-B96380AE4F9C}
		{465E3441-4816-FBEE-863F-4296A9C95123} = {A8C3C484-06AA-4659-A8DE-FC45563BB5A0}
		{E557328F-D2CB-C9CD-A492-B8068BA9C235} = {A8C3C484-06AA-4659-A8DE-FC45563BB5A0}
		{719C10E1-C730-ED36-009A-514F895DD8AB} = {BAD57F20-7BE4-4D7D-BD30-3DD6F4577F1E}
		{46BBAD46-75F3-D075-161F-F52A815AD661} = {F8ACEA81-803B-4597-AF1E-B96380AE4F9C}
		{53D13860-9B63-E037-4583-C310F7CB79F8} = {BAD57F20-7BE4-4D7D-BD30-3DD6F4577F1E}
		{5DD5E916-E9C6-43A3-8F3C-C7B5EBE11483} = {12769019-4D5F-4807-AAF0-96B1F001243C}
		{0BF2C71C-946E-486B-856F-36AFB975C682} = {5DD5E916-E9C6-43A3-8F3C-C7B5EBE11483}
		{CEDB1B56-A8DF-4FD0-8FD2-FFAC3070B9BF} = {12769019-4D5F-4807-AAF0-96B1F001243C}
		{8D81A703-DBE0-41DB-A24D-9154575ED15A} = {CEDB1B56-A8DF-4FD0-8FD2-FFAC3070B9BF}
		{40BAB541-F126-F248-012D-8B5E69C65F69} = {CEDB1B56-A8DF-4FD0-8FD2-FFAC3070B9BF}
		{B95B571B-FC21-30E2-375D-D4508356993C} = {12769019-4D5F-4807-AAF0-96B1F001243C}
		{1D8AD7B8-A2BB-43ED-9D9D-278715E2F4F1} = {B95B571B-FC21-30E2-375D-D4508356993C}
		{986AA7E6-283E-C326-6341-F0A5365325D3} = {12769019-4D5F-4807-AAF0-96B1F001243C}
		{56DA8E32-E2A3-4B6A-8E3B-028BECF51803} = {986AA7E6-283E-C326-6341-F0A5365325D3}
		{0E050FCE-5B97-4FE4-A380-45A0DAE5B89D} = {986AA7E6-283E-C326-6341-F0A5365325D3}
		{6689FDB3-2BE5-4D35-81F1-2A3B35CDFFB8} = {986AA7E6-283E-C326-6341-F0A5365325D3}
		{37994441-681A-0DBC-77B9-5EC8116370AA} = {BAD57F20-7BE4-4D7D-BD30-3DD6F4577F1E}
		{F4640B2A-8578-4133-A4F0-FF81B6E8A99A} = {12769019-4D5F-4807-AAF0-96B1F001243C}
		{F4EF3737-D255-29A8-A7F1-166240605625} = {F4640B2A-8578-4133-A4F0-FF81B6E8A99A}
		{220042CD-3A51-4650-9D33-D373194F3F07} = {12769019-4D5F-4807-AAF0-96B1F001243C}
		{2F116824-3B63-1DBE-3298-658B507BF190} = {220042CD-3A51-4650-9D33-D373194F3F07}
		{F8E9125D-994E-68F2-01F0-20882B8D57E7} = {220042CD-3A51-4650-9D33-D373194F3F07}
		{71CC1D5B-55BF-4F53-BE04-A2D7AA32CBC5} = {12769019-4D5F-4807-AAF0-96B1F001243C}
		{28D38C29-84A2-2165-8F9B-B6D6CB898394} = {71CC1D5B-55BF-4F53-BE04-A2D7AA32CBC5}
		{9775676D-8D41-CCCC-EDEC-43FC91A7A18A} = {71CC1D5B-55BF-4F53-BE04-A2D7AA32CBC5}
		{C476AD40-6B77-84C2-46AF-DF733037468C} = {BAD57F20-7BE4-4D7D-BD30-3DD6F4577F1E}
		{2B6DA453-56AD-BC6B-9A91-B2C8BF254349} = {F4640B2A-8578-4133-A4F0-FF81B6E8A99A}
		{DD008CE6-F593-EDEA-9CF5-CFC82A0C6CF2} = {12769019-4D5F-4807-AAF0-96B1F001243C}
		{E9ADDDF0-D466-4388-8C44-80CCC73C7053} = {DD008CE6-F593-EDEA-9CF5-CFC82A0C6CF2}
		{683FB2CF-8514-4DB1-A1F0-E9CF2325C7BF} = {DD008CE6-F593-EDEA-9CF5-CFC82A0C6CF2}
		{67DEF5D4-B42C-4013-AC93-99FF88F9E940} = {DD008CE6-F593-EDEA-9CF5-CFC82A0C6CF2}
	EndGlobalSection
	GlobalSection(ExtensibilityGlobals) = postSolution
		SolutionGuid = {0D50F898-67A2-4C37-BF74-B09E0BDEACA7}
	EndGlobalSection
EndGlobal
